
Microsoft Visual Studio Solution File, Format Version 12.00
# Visual Studio Version 16
VisualStudioVersion = 16.0.32602.291
MinimumVisualStudioVersion = 10.0.40219.1
Project("{FAE04EC0-301F-11D3-BF4B-00C04F79EFBC}") = "chatUyg", "chatUyg\chatUyg.csproj", "{94E1A872-B4B9-4B98-9106-E3BA3D10DB2A}"
EndProject
Global
	GlobalSection(SolutionConfigurationPlatforms) = preSolution
		Debug|Any CPU = Debug|Any CPU
		Release|Any CPU = Release|Any CPU
	EndGlobalSection
	GlobalSection(ProjectConfigurationPlatforms) = postSolution
		{94E1A872-B4B9-4B98-9106-E3BA3D10DB2A}.Debug|Any CPU.ActiveCfg = Debug|Any CPU
		{94E1A872-B4B9-4B98-9106-E3BA3D10DB2A}.Debug|Any CPU.Build.0 = Debug|Any CPU
		{94E1A872-B4B9-4B98-9106-E3BA3D10DB2A}.Release|Any CPU.ActiveCfg = Release|Any CPU
		{94E1A872-B4B9-4B98-9106-E3BA3D10DB2A}.Release|Any CPU.Build.0 = Release|Any CPU
	EndGlobalSection
	GlobalSection(SolutionProperties) = preSolution
		HideSolutionNode = FALSE
	EndGlobalSection
	GlobalSection(ExtensibilityGlobals) = postSolution
		SolutionGuid = {D64A5953-B239-4D2A-A35A-48E3ACCACB59}
	EndGlobalSection
EndGlobal
